PODS:
  - Alamofire (4.8.2)
  - JXBanner (0.1.0)
  - JXPageControl (0.1.3):
    - JXPageControl/Common (= 0.1.3)
    - JXPageControl/Jump (= 0.1.3)
    - JXPageControl/Transform (= 0.1.3)
  - JXPageControl/Common (0.1.3)
  - JXPageControl/Jump (0.1.3):
    - JXPageControl/Common
  - JXPageControl/Transform (0.1.3):
    - JXPageControl/Common
  - SnapKit (4.2.0)

DEPENDENCIES:
  - Alamofire
  - JXBanner (from `../`)
  - JXPageControl (= 0.1.3)
  - SnapKit

SPEC REPOS:
  https://github.com/cocoapods/specs.git:
    - Alamofire
    - JXPageControl
    - SnapKit

EXTERNAL SOURCES:
  JXBanner:
    :path: "../"

SPEC CHECKSUMS:
  Alamofire: ae5c501addb7afdbb13687d7f2f722c78734c2d3
  JXBanner: 9e448e220dd377d0c159477beeebde781f43deba
  JXPageControl: eea52838699a4949063e600b25eb9e8b6e20ae3f
  SnapKit: fe8a619752f3f27075cc9a90244d75c6c3f27e2a

PODFILE CHECKSUM: 5ba36ed491c1c5d00156a2b1f2b15a7df48d9a8b

COCOAPODS: 1.6.1
